
Microsoft Visual Studio Solution File, Format Version 12.00
# Visual Studio 2012
Project("{FAE04EC0-301F-11D3-BF4B-00C04F79EFBC}") = "LivePolicy", "LivePolicy\LivePolicy.csproj", "{9481DBFA-DE95-46C4-9288-71F23DC06C00}"
EndProject
Project("{2150E333-8FDC-42A3-9474-1A3956D46DE8}") = ".nuget", ".nuget", "{2F8E6B24-59F9-4553-BE90-23B85F011137}"
	ProjectSection(SolutionItems) = preProject
		.nuget\NuGet.Config = .nuget\NuGet.Config
		.nuget\NuGet.exe = .nuget\NuGet.exe
		.nuget\NuGet.targets = .nuget\NuGet.targets
	EndProjectSection
EndProject
Project("{FAE04EC0-301F-11D3-BF4B-00C04F79EFBC}") = "LivePolicy.Tests", "LivePolicy.Tests\LivePolicy.Tests.csproj", "{C4085524-BACF-4983-95FB-B1C7EDAB4034}"
EndProject
Global
	GlobalSection(SolutionConfigurationPlatforms) = preSolution
		Debug|Any CPU = Debug|Any CPU
		Release|Any CPU = Release|Any CPU
	EndGlobalSection
	GlobalSection(ProjectConfigurationPlatforms) = postSolution
		{9481DBFA-DE95-46C4-9288-71F23DC06C00}.Debug|Any CPU.ActiveCfg = Debug|Any CPU
		{9481DBFA-DE95-46C4-9288-71F23DC06C00}.Debug|Any CPU.Build.0 = Debug|Any CPU
		{9481DBFA-DE95-46C4-9288-71F23DC06C00}.Release|Any CPU.ActiveCfg = Release|Any CPU
		{9481DBFA-DE95-46C4-9288-71F23DC06C00}.Release|Any CPU.Build.0 = Release|Any CPU
		{C4085524-BACF-4983-95FB-B1C7EDAB4034}.Debug|Any CPU.ActiveCfg = Debug|Any CPU
		{C4085524-BACF-4983-95FB-B1C7EDAB4034}.Debug|Any CPU.Build.0 = Debug|Any CPU
		{C4085524-BACF-4983-95FB-B1C7EDAB4034}.Release|Any CPU.ActiveCfg = Release|Any CPU
		{C4085524-BACF-4983-95FB-B1C7EDAB4034}.Release|Any CPU.Build.0 = Release|Any CPU
	EndGlobalSection
	GlobalSection(SolutionProperties) = preSolution
		HideSolutionNode = FALSE
	EndGlobalSection
EndGlobal
